// !$*UTF8*$!
{
	archiveVersion = 1;
	classes = {
	};
	objectVersion = 50;
	objects = {

/* Begin PBXBuildFile section */
		D1E3885525AF465B009568F7 /* TaskAppApp.swift in Sources */ = {isa = PBXBuildFile; fileRef = D1E3885425AF465B009568F7 /* TaskAppApp.swift */; };
		D1E3885725AF465B009568F7 /* ContentView.swift in Sources */ = {isa = PBXBuildFile; fileRef = D1E3885625AF465B009568F7 /* ContentView.swift */; };
		D1E3885925AF465D009568F7 /* Assets.xcassets in Resources */ = {isa = PBXBuildFile; fileRef = D1E3885825AF465D009568F7 /* Assets.xcassets */; };
		D1E3885C25AF465D009568F7 /* Preview Assets.xcassets in Resources */ = {isa = PBXBuildFile; fileRef = D1E3885B25AF465D009568F7 /* Preview Assets.xcassets */; };
		D1E3885E25AF465D009568F7 /* Persistence.swift in Sources */ = {isa = PBXBuildFile; fileRef = D1E3885D25AF465D009568F7 /* Persistence.swift */; };
		D1E3886125AF465D009568F7 /* TaskApp.xcdatamodeld in Sources */ = {isa = PBXBuildFile; fileRef = D1E3885F25AF465D009568F7 /* TaskApp.xcdatamodeld */; };
		D1E3886C25AF465E009568F7 /* TaskAppTests.swift in Sources */ = {isa = PBXBuildFile; fileRef = D1E3886B25AF465E009568F7 /* TaskAppTests.swift */; };
		D1E3887725AF465E009568F7 /* TaskAppUITests.swift in Sources */ = {isa = PBXBuildFile; fileRef = D1E3887625AF465E009568F7 /* TaskAppUITests.swift */; };
/* End PBXBuildFile section */

/* Begin PBXContainerItemProxy section */
		D1E3886825AF465E009568F7 /* PBXContainerItemProxy */ = {
			isa = PBXContainerItemProxy;
			containerPortal = D1E3884925AF465B009568F7 /* Project object */;
			proxyType = 1;
			remoteGlobalIDString = D1E3885025AF465B009568F7;
			remoteInfo = TaskApp;
		};
		D1E3887325AF465E009568F7 /* PBXContainerItemProxy */ = {
			isa = PBXContainerItemProxy;
			containerPortal = D1E3884925AF465B009568F7 /* Project object */;
			proxyType = 1;
			remoteGlobalIDString = D1E3885025AF465B009568F7;
			remoteInfo = TaskApp;
		};
/* End PBXContainerItemProxy section */

/* Begin PBXFileReference section */
		D1E3885125AF465B009568F7 /* TaskApp.app */ = {isa = PBXFileReference; explicitFileType = wrapper.application; includeInIndex = 0; path = TaskApp.app; sourceTree = BUILT_PRODUCTS_DIR; };
		D1E3885425AF465B009568F7 /* TaskAppApp.swift */ = {isa = PBXFileReference; lastKnownFileType = sourcecode.swift; path = TaskAppApp.swift; sourceTree = "<group>"; };
		D1E3885625AF465B009568F7 /* ContentView.swift */ = {isa = PBXFileReference; lastKnownFileType = sourcecode.swift; path = ContentView.swift; sourceTree = "<group>"; };
		D1E3885825AF465D009568F7 /* Assets.xcassets */ = {isa = PBXFileReference; lastKnownFileType = folder.assetcatalog; path = Assets.xcassets; sourceTree = "<group>"; };
		D1E3885B25AF465D009568F7 /* Preview Assets.xcassets */ = {isa = PBXFileReference; lastKnownFileType = folder.assetcatalog; path = "Preview Assets.xcassets"; sourceTree = "<group>"; };
		D1E3885D25AF465D009568F7 /* Persistence.swift */ = {isa = PBXFileReference; lastKnownFileType = sourcecode.swift; path = Persistence.swift; sourceTree = "<group>"; };
		D1E3886025AF465D009568F7 /* TaskApp.xcdatamodel */ = {isa = PBXFileReference; lastKnownFileType = wrapper.xcdatamodel; path = TaskApp.xcdatamodel; sourceTree = "<group>"; };
		D1E3886225AF465D009568F7 /* Info.plist */ = {isa = PBXFileReference; lastKnownFileType = text.plist.xml; path = Info.plist; sourceTree = "<group>"; };
		D1E3886725AF465E009568F7 /* TaskAppTests.xctest */ = {isa = PBXFileReference; explicitFileType = wrapper.cfbundle; includeInIndex = 0; path = TaskAppTests.xctest; sourceTree = BUILT_PRODUCTS_DIR; };
		D1E3886B25AF465E009568F7 /* TaskAppTests.swift */ = {isa = PBXFileReference; lastKnownFileType = sourcecode.swift; path = TaskAppTests.swift; sourceTree = "<group>"; };
		D1E3886D25AF465E009568F7 /* Info.plist */ = {isa = PBXFileReference; lastKnownFileType = text.plist.xml; path = Info.plist; sourceTree = "<group>"; };
		D1E3887225AF465E009568F7 /* TaskAppUITests.xctest */ = {isa = PBXFileReference; explicitFileType = wrapper.cfbundle; includeInIndex = 0; path = TaskAppUITests.xctest; sourceTree = BUILT_PRODUCTS_DIR; };
		D1E3887625AF465E009568F7 /* TaskAppUITests.swift */ = {isa = PBXFileReference; lastKnownFileType = sourcecode.swift; path = TaskAppUITests.swift; sourceTree = "<group>"; };
		D1E3887825AF465E009568F7 /* Info.plist */ = {isa = PBXFileReference; lastKnownFileType = text.plist.xml; path = Info.plist; sourceTree = "<group>"; };
/* End PBXFileReference section */

/* Begin PBXFrameworksBuildPhase section */
		D1E3884E25AF465B009568F7 /* Frameworks */ = {
			isa = PBXFrameworksBuildPhase;
			buildActionMask = 2147483647;
			files = (
			);
			runOnlyForDeploymentPostprocessing = 0;
		};
		D1E3886425AF465E009568F7 /* Frameworks */ = {
			isa = PBXFrameworksBuildPhase;
			buildActionMask = 2147483647;
			files = (
			);
			runOnlyForDeploymentPostprocessing = 0;
		};
		D1E3886F25AF465E009568F7 /* Frameworks */ = {
			isa = PBXFrameworksBuildPhase;
			buildActionMask = 2147483647;
			files = (
			);
			runOnlyForDeploymentPostprocessing = 0;
		};
/* End PBXFrameworksBuildPhase section */

/* Begin PBXGroup section */
		D1E3884825AF465B009568F7 = {
			isa = PBXGroup;
			children = (
				D1E3885325AF465B009568F7 /* TaskApp */,
				D1E3886A25AF465E009568F7 /* TaskAppTests */,
				D1E3887525AF465E009568F7 /* TaskAppUITests */,
				D1E3885225AF465B009568F7 /* Products */,
			);
			sourceTree = "<group>";
		};
		D1E3885225AF465B009568F7 /* Products */ = {
			isa = PBXGroup;
			children = (
				D1E3885125AF465B009568F7 /* TaskApp.app */,
				D1E3886725AF465E009568F7 /* TaskAppTests.xctest */,
				D1E3887225AF465E009568F7 /* TaskAppUITests.xctest */,
			);
			name = Products;
			sourceTree = "<group>";
		};
		D1E3885325AF465B009568F7 /* TaskApp */ = {
			isa = PBXGroup;
			children = (
				D1E3885425AF465B009568F7 /* TaskAppApp.swift */,
				D1E3885625AF465B009568F7 /* ContentView.swift */,
				D1E3885825AF465D009568F7 /* Assets.xcassets */,
				D1E3885D25AF465D009568F7 /* Persistence.swift */,
				D1E3886225AF465D009568F7 /* Info.plist */,
				D1E3885F25AF465D009568F7 /* TaskApp.xcdatamodeld */,
				D1E3885A25AF465D009568F7 /* Preview Content */,
			);
			path = TaskApp;
			sourceTree = "<group>";
		};
		D1E3885A25AF465D009568F7 /* Preview Content */ = {
			isa = PBXGroup;
			children = (
				D1E3885B25AF465D009568F7 /* Preview Assets.xcassets */,
			);
			path = "Preview Content";
			sourceTree = "<group>";
		};
		D1E3886A25AF465E009568F7 /* TaskAppTests */ = {
			isa = PBXGroup;
			children = (
				D1E3886B25AF465E009568F7 /* TaskAppTests.swift */,
				D1E3886D25AF465E009568F7 /* Info.plist */,
			);
			path = TaskAppTests;
			sourceTree = "<group>";
		};
		D1E3887525AF465E009568F7 /* TaskAppUITests */ = {
			isa = PBXGroup;
			children = (
				D1E3887625AF465E009568F7 /* TaskAppUITests.swift */,
				D1E3887825AF465E009568F7 /* Info.plist */,
			);
			path = TaskAppUITests;
			sourceTree = "<group>";
		};
/* End PBXGroup section */

/* Begin PBXNativeTarget section */
		D1E3885025AF465B009568F7 /* TaskApp */ = {
			isa = PBXNativeTarget;
			buildConfigurationList = D1E3887B25AF465E009568F7 /* Build configuration list for PBXNativeTarget "TaskApp" */;
			buildPhases = (
				D1E3884D25AF465B009568F7 /* Sources */,
				D1E3884E25AF465B009568F7 /* Frameworks */,
				D1E3884F25AF465B009568F7 /* Resources */,
			);
			buildRules = (
			);
			dependencies = (
			);
			name = TaskApp;
			productName = TaskApp;
			productReference = D1E3885125AF465B009568F7 /* TaskApp.app */;
			productType = "com.apple.product-type.application";
		};
		D1E3886625AF465E009568F7 /* TaskAppTests */ = {
			isa = PBXNativeTarget;
			buildConfigurationList = D1E3887E25AF465E009568F7 /* Build configuration list for PBXNativeTarget "TaskAppTests" */;
			buildPhases = (
				D1E3886325AF465E009568F7 /* Sources */,
				D1E3886425AF465E009568F7 /* Frameworks */,
				D1E3886525AF465E009568F7 /* Resources */,
			);
			buildRules = (
			);
			dependencies = (
				D1E3886925AF465E009568F7 /* PBXTargetDependency */,
			);
			name = TaskAppTests;
			productName = TaskAppTests;
			productReference = D1E3886725AF465E009568F7 /* TaskAppTests.xctest */;
			productType = "com.apple.product-type.bundle.unit-test";
		};
		D1E3887125AF465E009568F7 /* TaskAppUITests */ = {
			isa = PBXNativeTarget;
			buildConfigurationList = D1E3888125AF465E009568F7 /* Build configuration list for PBXNativeTarget "TaskAppUITests" */;
			buildPhases = (
				D1E3886E25AF465E009568F7 /* Sources */,
				D1E3886F25AF465E009568F7 /* Frameworks */,
				D1E3887025AF465E009568F7 /* Resources */,
			);
			buildRules = (
			);
			dependencies = (
				D1E3887425AF465E009568F7 /* PBXTargetDependency */,
			);
			name = TaskAppUITests;
			productName = TaskAppUITests;
			productReference = D1E3887225AF465E009568F7 /* TaskAppUITests.xctest */;
			productType = "com.apple.product-type.bundle.ui-testing";
		};
/* End PBXNativeTarget section */

/* Begin PBXProject section */
		D1E3884925AF465B009568F7 /* Project object */ = {
			isa = PBXProject;
			attributes = {
				LastSwiftUpdateCheck = 1230;
				LastUpgradeCheck = 1230;
				TargetAttributes = {
					D1E3885025AF465B009568F7 = {
						CreatedOnToolsVersion = 12.3;
					};
					D1E3886625AF465E009568F7 = {
						CreatedOnToolsVersion = 12.3;
						TestTargetID = D1E3885025AF465B009568F7;
					};
					D1E3887125AF465E009568F7 = {
						CreatedOnToolsVersion = 12.3;
						TestTargetID = D1E3885025AF465B009568F7;
					};
				};
			};
			buildConfigurationList = D1E3884C25AF465B009568F7 /* Build configuration list for PBXProject "TaskApp" */;
			compatibilityVersion = "Xcode 9.3";
			developmentRegion = en;
			hasScannedForEncodings = 0;
			knownRegions = (
				en,
				Base,
			);
			mainGroup = D1E3884825AF465B009568F7;
			productRefGroup = D1E3885225AF465B009568F7 /* Products */;
			projectDirPath = "";
			projectRoot = "";
			targets = (
				D1E3885025AF465B009568F7 /* TaskApp */,
				D1E3886625AF465E009568F7 /* TaskAppTests */,
				D1E3887125AF465E009568F7 /* TaskAppUITests */,
			);
		};
/* End PBXProject section */

/* Begin PBXResourcesBuildPhase section */
		D1E3884F25AF465B009568F7 /* Resources */ = {
			isa = PBXResourcesBuildPhase;
			buildActionMask = 2147483647;
			files = (
				D1E3885C25AF465D009568F7 /* Preview Assets.xcassets in Resources */,
				D1E3885925AF465D009568F7 /* Assets.xcassets in Resources */,
			);
			runOnlyForDeploymentPostprocessing = 0;
		};
		D1E3886525AF465E009568F7 /* Resources */ = {
			isa = PBXResourcesBuildPhase;
			buildActionMask = 2147483647;
			files = (
			);
			runOnlyForDeploymentPostprocessing = 0;
		};
		D1E3887025AF465E009568F7 /* Resources */ = {
			isa = PBXResourcesBuildPhase;
			buildActionMask = 2147483647;
			files = (
			);
			runOnlyForDeploymentPostprocessing = 0;
		};
/* End PBXResourcesBuildPhase section */

/* Begin PBXSourcesBuildPhase section */
		D1E3884D25AF465B009568F7 /* Sources */ = {
			isa = PBXSourcesBuildPhase;
			buildActionMask = 2147483647;
			files = (
				D1E3886125AF465D009568F7 /* TaskApp.xcdatamodeld in Sources */,
				D1E3885E25AF465D009568F7 /* Persistence.swift in Sources */,
				D1E3885725AF465B009568F7 /* ContentView.swift in Sources */,
				D1E3885525AF465B009568F7 /* TaskAppApp.swift in Sources */,
			);
			runOnlyForDeploymentPostprocessing = 0;
		};
		D1E3886325AF465E009568F7 /* Sources */ = {
			isa = PBXSourcesBuildPhase;
			buildActionMask = 2147483647;
			files = (
				D1E3886C25AF465E009568F7 /* TaskAppTests.swift in Sources */,
			);
			runOnlyForDeploymentPostprocessing = 0;
		};
		D1E3886E25AF465E009568F7 /* Sources */ = {
			isa = PBXSourcesBuildPhase;
			buildActionMask = 2147483647;
			files = (
				D1E3887725AF465E009568F7 /* TaskAppUITests.swift in Sources */,
			);
			runOnlyForDeploymentPostprocessing = 0;
		};
/* End PBXSourcesBuildPhase section */

/* Begin PBXTargetDependency section */
		D1E3886925AF465E009568F7 /* PBXTargetDependency */ = {
			isa = PBXTargetDependency;
			target = D1E3885025AF465B009568F7 /* TaskApp */;
			targetProxy = D1E3886825AF465E009568F7 /* PBXContainerItemProxy */;
		};
		D1E3887425AF465E009568F7 /* PBXTargetDependency */ = {
			isa = PBXTargetDependency;
			target = D1E3885025AF465B009568F7 /* TaskApp */;
			targetProxy = D1E3887325AF465E009568F7 /* PBXContainerItemProxy */;
		};
/* End PBXTargetDependency section */

/* Begin XCBuildConfiguration section */
		D1E3887925AF465E009568F7 /* Debug */ = {
			isa = XCBuildConfiguration;
			buildSettings = {
				ALWAYS_SEARCH_USER_PATHS = NO;
				CLANG_ANALYZER_NONNULL = YES;
				CLANG_ANALYZER_NUMBER_OBJECT_CONVERSION = YES_AGGRESSIVE;
				CLANG_CXX_LANGUAGE_STANDARD = "gnu++14";
				CLANG_CXX_LIBRARY = "libc++";
				CLANG_ENABLE_MODULES = YES;
				CLANG_ENABLE_OBJC_ARC = YES;
				CLANG_ENABLE_OBJC_WEAK = YES;
				CLANG_WARN_BLOCK_CAPTURE_AUTORELEASING = YES;
				CLANG_WARN_BOOL_CONVERSION = YES;
				CLANG_WARN_COMMA = YES;
				CLANG_WARN_CONSTANT_CONVERSION = YES;
				CLANG_WARN_DEPRECATED_OBJC_IMPLEMENTATIONS = YES;
				CLANG_WARN_DIRECT_OBJC_ISA_USAGE = YES_ERROR;
				CLANG_WARN_DOCUMENTATION_COMMENTS = YES;
				CLANG_WARN_EMPTY_BODY = YES;
				CLANG_WARN_ENUM_CONVERSION = YES;
				CLANG_WARN_INFINITE_RECURSION = YES;
				CLANG_WARN_INT_CONVERSION = YES;
				CLANG_WARN_NON_LITERAL_NULL_CONVERSION = YES;
				CLANG_WARN_OBJC_IMPLICIT_RETAIN_SELF = YES;
				CLANG_WARN_OBJC_LITERAL_CONVERSION = YES;
				CLANG_WARN_OBJC_ROOT_CLASS = YES_ERROR;
				CLANG_WARN_QUOTED_INCLUDE_IN_FRAMEWORK_HEADER = YES;
				CLANG_WARN_RANGE_LOOP_ANALYSIS = YES;
				CLANG_WARN_STRICT_PROTOTYPES = YES;
				CLANG_WARN_SUSPICIOUS_MOVE = YES;
				CLANG_WARN_UNGUARDED_AVAILABILITY = YES_AGGRESSIVE;
				CLANG_WARN_UNREACHABLE_CODE = YES;
				CLANG_WARN__DUPLICATE_METHOD_MATCH = YES;
				COPY_PHASE_STRIP = NO;
				DEBUG_INFORMATION_FORMAT = dwarf;
				ENABLE_STRICT_OBJC_MSGSEND = YES;
				ENABLE_TESTABILITY = YES;
				GCC_C_LANGUAGE_STANDARD = gnu11;
				GCC_DYNAMIC_NO_PIC = NO;
				GCC_NO_COMMON_BLOCKS = YES;
				GCC_OPTIMIZATION_LEVEL = 0;
				GCC_PREPROCESSOR_DEFINITIONS = (
					"DEBUG=1",
					"$(inherited)",
				);
				GCC_WARN_64_TO_32_BIT_CONVERSION = YES;
				GCC_WARN_ABOUT_RETURN_TYPE = YES_ERROR;
				GCC_WARN_UNDECLARED_SELECTOR = YES;
				GCC_WARN_UNINITIALIZED_AUTOS = YES_AGGRESSIVE;
				GCC_WARN_UNUSED_FUNCTION = YES;
				GCC_WARN_UNUSED_VARIABLE = YES;
				IPHONEOS_DEPLOYMENT_TARGET = 14.3;
				MTL_ENABLE_DEBUG_INFO = INCLUDE_SOURCE;
				MTL_FAST_MATH = YES;
				ONLY_ACTIVE_ARCH = YES;
				SDKROOT = iphoneos;
				SWIFT_ACTIVE_COMPILATION_CONDITIONS = DEBUG;
				SWIFT_OPTIMIZATION_LEVEL = "-Onone";
			};
			name = Debug;
		};
		D1E3887A25AF465E009568F7 /* Release */ = {
			isa = XCBuildConfiguration;
			buildSettings = {
				ALWAYS_SEARCH_USER_PATHS = NO;
				CLANG_ANALYZER_NONNULL = YES;
				CLANG_ANALYZER_NUMBER_OBJECT_CONVERSION = YES_AGGRESSIVE;
				CLANG_CXX_LANGUAGE_STANDARD = "gnu++14";
				CLANG_CXX_LIBRARY = "libc++";
				CLANG_ENABLE_MODULES = YES;
				CLANG_ENABLE_OBJC_ARC = YES;
				CLANG_ENABLE_OBJC_WEAK = YES;
				CLANG_WARN_BLOCK_CAPTURE_AUTORELEASING = YES;
				CLANG_WARN_BOOL_CONVERSION = YES;
				CLANG_WARN_COMMA = YES;
				CLANG_WARN_CONSTANT_CONVERSION = YES;
				CLANG_WARN_DEPRECATED_OBJC_IMPLEMENTATIONS = YES;
				CLANG_WARN_DIRECT_OBJC_ISA_USAGE = YES_ERROR;
				CLANG_WARN_DOCUMENTATION_COMMENTS = YES;
				CLANG_WARN_EMPTY_BODY = YES;
				CLANG_WARN_ENUM_CONVERSION = YES;
				CLANG_WARN_INFINITE_RECURSION = YES;
				CLANG_WARN_INT_CONVERSION = YES;
				CLANG_WARN_NON_LITERAL_NULL_CONVERSION = YES;
				CLANG_WARN_OBJC_IMPLICIT_RETAIN_SELF = YES;
				CLANG_WARN_OBJC_LITERAL_CONVERSION = YES;
				CLANG_WARN_OBJC_ROOT_CLASS = YES_ERROR;
				CLANG_WARN_QUOTED_INCLUDE_IN_FRAMEWORK_HEADER = YES;
				CLANG_WARN_RANGE_LOOP_ANALYSIS = YES;
				CLANG_WARN_STRICT_PROTOTYPES = YES;
				CLANG_WARN_SUSPICIOUS_MOVE = YES;
				CLANG_WARN_UNGUARDED_AVAILABILITY = YES_AGGRESSIVE;
				CLANG_WARN_UNREACHABLE_CODE = YES;
				CLANG_WARN__DUPLICATE_METHOD_MATCH = YES;
				COPY_PHASE_STRIP = NO;
				DEBUG_INFORMATION_FORMAT = "dwarf-with-dsym";
				ENABLE_NS_ASSERTIONS = NO;
				ENABLE_STRICT_OBJC_MSGSEND = YES;
				GCC_C_LANGUAGE_STANDARD = gnu11;
				GCC_NO_COMMON_BLOCKS = YES;
				GCC_WARN_64_TO_32_BIT_CONVERSION = YES;
				GCC_WARN_ABOUT_RETURN_TYPE = YES_ERROR;
				GCC_WARN_UNDECLARED_SELECTOR = YES;
				GCC_WARN_UNINITIALIZED_AUTOS = YES_AGGRESSIVE;
				GCC_WARN_UNUSED_FUNCTION = YES;
				GCC_WARN_UNUSED_VARIABLE = YES;
				IPHONEOS_DEPLOYMENT_TARGET = 14.3;
				MTL_ENABLE_DEBUG_INFO = NO;
				MTL_FAST_MATH = YES;
				SDKROOT = iphoneos;
				SWIFT_COMPILATION_MODE = wholemodule;
				SWIFT_OPTIMIZATION_LEVEL = "-O";
				VALIDATE_PRODUCT = YES;
			};
			name = Release;
		};
		D1E3887C25AF465E009568F7 /* Debug */ = {
			isa = XCBuildConfiguration;
			buildSettings = {
				ASSETCATALOG_COMPILER_APPICON_NAME = AppIcon;
				ASSETCATALOG_COMPILER_GLOBAL_ACCENT_COLOR_NAME = AccentColor;
				CODE_SIGN_STYLE = Automatic;
				DEVELOPMENT_ASSET_PATHS = "\"TaskApp/Preview Content\"";
				ENABLE_PREVIEWS = YES;
				INFOPLIST_FILE = TaskApp/Info.plist;
				IPHONEOS_DEPLOYMENT_TARGET = 14.0;
				LD_RUNPATH_SEARCH_PATHS = (
					"$(inherited)",
					"@executable_path/Frameworks",
				);
				PRODUCT_BUNDLE_IDENTIFIER = MicheleManniello.TaskApp;
				PRODUCT_NAME = "$(TARGET_NAME)";
				SWIFT_VERSION = 5.0;
				TARGETED_DEVICE_FAMILY = "1,2";
			};
			name = Debug;
		};
		D1E3887D25AF465E009568F7 /* Release */ = {
			isa = XCBuildConfiguration;
			buildSettings = {
				ASSETCATALOG_COMPILER_APPICON_NAME = AppIcon;
				ASSETCATALOG_COMPILER_GLOBAL_ACCENT_COLOR_NAME = AccentColor;
				CODE_SIGN_STYLE = Automatic;
				DEVELOPMENT_ASSET_PATHS = "\"TaskApp/Preview Content\"";
				ENABLE_PREVIEWS = YES;
				INFOPLIST_FILE = TaskApp/Info.plist;
				IPHONEOS_DEPLOYMENT_TARGET = 14.0;
				LD_RUNPATH_SEARCH_PATHS = (
					"$(inherited)",
					"@executable_path/Frameworks",
				);
				PRODUCT_BUNDLE_IDENTIFIER = MicheleManniello.TaskApp;
				PRODUCT_NAME = "$(TARGET_NAME)";
				SWIFT_VERSION = 5.0;
				TARGETED_DEVICE_FAMILY = "1,2";
			};
			name = Release;
		};
		D1E3887F25AF465E009568F7 /* Debug */ = {
			isa = XCBuildConfiguration;
			buildSettings = {
				ALWAYS_EMBED_SWIFT_STANDARD_LIBRARIES = YES;
				BUNDLE_LOADER = "$(TEST_HOST)";
				CODE_SIGN_STYLE = Automatic;
				INFOPLIST_FILE = TaskAppTests/Info.plist;
				IPHONEOS_DEPLOYMENT_TARGET = 14.0;
				LD_RUNPATH_SEARCH_PATHS = (
					"$(inherited)",
					"@executable_path/Frameworks",
					"@loader_path/Frameworks",
				);
				PRODUCT_BUNDLE_IDENTIFIER = MicheleManniello.TaskAppTests;
				PRODUCT_NAME = "$(TARGET_NAME)";
				SWIFT_VERSION = 5.0;
				TARGETED_DEVICE_FAMILY = "1,2";
				TEST_HOST = "$(BUILT_PRODUCTS_DIR)/TaskApp.app/TaskApp";
			};
			name = Debug;
		};
		D1E3888025AF465E009568F7 /* Release */ = {
			isa = XCBuildConfiguration;
			buildSettings = {
				ALWAYS_EMBED_SWIFT_STANDARD_LIBRARIES = YES;
				BUNDLE_LOADER = "$(TEST_HOST)";
				CODE_SIGN_STYLE = Automatic;
				INFOPLIST_FILE = TaskAppTests/Info.plist;
				IPHONEOS_DEPLOYMENT_TARGET = 14.0;
				LD_RUNPATH_SEARCH_PATHS = (
					"$(inherited)",
					"@executable_path/Frameworks",
					"@loader_path/Frameworks",
				);
				PRODUCT_BUNDLE_IDENTIFIER = MicheleManniello.TaskAppTests;
				PRODUCT_NAME = "$(TARGET_NAME)";
				SWIFT_VERSION = 5.0;
				TARGETED_DEVICE_FAMILY = "1,2";
				TEST_HOST = "$(BUILT_PRODUCTS_DIR)/TaskApp.app/TaskApp";
			};
			name = Release;
		};
		D1E3888225AF465E009568F7 /* Debug */ = {
			isa = XCBuildConfiguration;
			buildSettings = {
				ALWAYS_EMBED_SWIFT_STANDARD_LIBRARIES = YES;
				CODE_SIGN_STYLE = Automatic;
				INFOPLIST_FILE = TaskAppUITests/Info.plist;
				LD_RUNPATH_SEARCH_PATHS = (
					"$(inherited)",
					"@executable_path/Frameworks",
					"@loader_path/Frameworks",
				);
				PRODUCT_BUNDLE_IDENTIFIER = MicheleManniello.TaskAppUITests;
				PRODUCT_NAME = "$(TARGET_NAME)";
				SWIFT_VERSION = 5.0;
				TARGETED_DEVICE_FAMILY = "1,2";
				TEST_TARGET_NAME = TaskApp;
			};
			name = Debug;
		};
		D1E3888325AF465E009568F7 /* Release */ = {
			isa = XCBuildConfiguration;
			buildSettings = {
				ALWAYS_EMBED_SWIFT_STANDARD_LIBRARIES = YES;
				CODE_SIGN_STYLE = Automatic;
				INFOPLIST_FILE = TaskAppUITests/Info.plist;
				LD_RUNPATH_SEARCH_PATHS = (
					"$(inherited)",
					"@executable_path/Frameworks",
					"@loader_path/Frameworks",
				);
				PRODUCT_BUNDLE_IDENTIFIER = MicheleManniello.TaskAppUITests;
				PRODUCT_NAME = "$(TARGET_NAME)";
				SWIFT_VERSION = 5.0;
				TARGETED_DEVICE_FAMILY = "1,2";
				TEST_TARGET_NAME = TaskApp;
			};
			name = Release;
		};
/* End XCBuildConfiguration section */

/* Begin XCConfigurationList section */
		D1E3884C25AF465B009568F7 /* Build configuration list for PBXProject "TaskApp" */ = {
			isa = XCConfigurationList;
			buildConfigurations = (
				D1E3887925AF465E009568F7 /* Debug */,
				D1E3887A25AF465E009568F7 /* Release */,
			);
			defaultConfigurationIsVisible = 0;
			defaultConfigurationName = Release;
		};
		D1E3887B25AF465E009568F7 /* Build configuration list for PBXNativeTarget "TaskApp" */ = {
			isa = XCConfigurationList;
			buildConfigurations = (
				D1E3887C25AF465E009568F7 /* Debug */,
				D1E3887D25AF465E009568F7 /* Release */,
			);
			defaultConfigurationIsVisible = 0;
			defaultConfigurationName = Release;
		};
		D1E3887E25AF465E009568F7 /* Build configuration list for PBXNativeTarget "TaskAppTests" */ = {
			isa = XCConfigurationList;
			buildConfigurations = (
				D1E3887F25AF465E009568F7 /* Debug */,
				D1E3888025AF465E009568F7 /* Release */,
			);
			defaultConfigurationIsVisible = 0;
			defaultConfigurationName = Release;
		};
		D1E3888125AF465E009568F7 /* Build configuration list for PBXNativeTarget "TaskAppUITests" */ = {
			isa = XCConfigurationList;
			buildConfigurations = (
				D1E3888225AF465E009568F7 /* Debug */,
				D1E3888325AF465E009568F7 /* Release */,
			);
			defaultConfigurationIsVisible = 0;
			defaultConfigurationName = Release;
		};
/* End XCConfigurationList section */

/* Begin XCVersionGroup section */
		D1E3885F25AF465D009568F7 /* TaskApp.xcdatamodeld */ = {
			isa = XCVersionGroup;
			children = (
				D1E3886025AF465D009568F7 /* TaskApp.xcdatamodel */,
			);
			currentVersion = D1E3886025AF465D009568F7 /* TaskApp.xcdatamodel */;
			path = TaskApp.xcdatamodeld;
			sourceTree = "<group>";
			versionGroupType = wrapper.xcdatamodel;
		};
/* End XCVersionGroup section */
	};
	rootObject = D1E3884925AF465B009568F7 /* Project object */;
}
